
Microsoft Visual Studio Solution File, Format Version 12.00
# Visual Studio Version 17
VisualStudioVersion = 17.14.36301.6 d17.14
MinimumVisualStudioVersion = 10.0.40219.1
Project("{FAE04EC0-301F-11D3-BF4B-00C04F79EFBC}") = "1 задание", "1 задание\1 задание.csproj", "{03BE42BE-EF24-49AF-82DD-E5B208E6F290}"
EndProject
Project("{FAE04EC0-301F-11D3-BF4B-00C04F79EFBC}") = "2 задание", "2 задание\2 задание.csproj", "{5491DE34-E4E1-494C-BB31-ABC8EB36737C}"
EndProject
Project("{FAE04EC0-301F-11D3-BF4B-00C04F79EFBC}") = "3 задание", "3 задание\3 задание.csproj", "{7A8D04C6-BFD1-4197-BB31-8CEFC145D494}"
EndProject
Project("{FAE04EC0-301F-11D3-BF4B-00C04F79EFBC}") = "4 задание", "4 задание\4 задание.csproj", "{5A03BA79-CF53-4019-BFE9-331CB121BC2F}"
EndProject
Project("{FAE04EC0-301F-11D3-BF4B-00C04F79EFBC}") = "5 задание", "5 задание\5 задание.csproj", "{AEFA5843-505B-4C68-A5BB-994FEE08C553}"
EndProject
Project("{FAE04EC0-301F-11D3-BF4B-00C04F79EFBC}") = "6 задание", "6 задание\6 задание.csproj", "{26E28AA1-6868-4316-B26C-2AA8571FA735}"
EndProject
Global
	GlobalSection(SolutionConfigurationPlatforms) = preSolution
		Debug|Any CPU = Debug|Any CPU
		Release|Any CPU = Release|Any CPU
	EndGlobalSection
	GlobalSection(ProjectConfigurationPlatforms) = postSolution
		{03BE42BE-EF24-49AF-82DD-E5B208E6F290}.Debug|Any CPU.ActiveCfg = Debug|Any CPU
		{03BE42BE-EF24-49AF-82DD-E5B208E6F290}.Debug|Any CPU.Build.0 = Debug|Any CPU
		{03BE42BE-EF24-49AF-82DD-E5B208E6F290}.Release|Any CPU.ActiveCfg = Release|Any CPU
		{03BE42BE-EF24-49AF-82DD-E5B208E6F290}.Release|Any CPU.Build.0 = Release|Any CPU
		{5491DE34-E4E1-494C-BB31-ABC8EB36737C}.Debug|Any CPU.ActiveCfg = Debug|Any CPU
		{5491DE34-E4E1-494C-BB31-ABC8EB36737C}.Debug|Any CPU.Build.0 = Debug|Any CPU
		{5491DE34-E4E1-494C-BB31-ABC8EB36737C}.Release|Any CPU.ActiveCfg = Release|Any CPU
		{5491DE34-E4E1-494C-BB31-ABC8EB36737C}.Release|Any CPU.Build.0 = Release|Any CPU
		{7A8D04C6-BFD1-4197-BB31-8CEFC145D494}.Debug|Any CPU.ActiveCfg = Debug|Any CPU
		{7A8D04C6-BFD1-4197-BB31-8CEFC145D494}.Debug|Any CPU.Build.0 = Debug|Any CPU
		{7A8D04C6-BFD1-4197-BB31-8CEFC145D494}.Release|Any CPU.ActiveCfg = Release|Any CPU
		{7A8D04C6-BFD1-4197-BB31-8CEFC145D494}.Release|Any CPU.Build.0 = Release|Any CPU
		{5A03BA79-CF53-4019-BFE9-331CB121BC2F}.Debug|Any CPU.ActiveCfg = Debug|Any CPU
		{5A03BA79-CF53-4019-BFE9-331CB121BC2F}.Debug|Any CPU.Build.0 = Debug|Any CPU
		{5A03BA79-CF53-4019-BFE9-331CB121BC2F}.Release|Any CPU.ActiveCfg = Release|Any CPU
		{5A03BA79-CF53-4019-BFE9-331CB121BC2F}.Release|Any CPU.Build.0 = Release|Any CPU
		{AEFA5843-505B-4C68-A5BB-994FEE08C553}.Debug|Any CPU.ActiveCfg = Debug|Any CPU
		{AEFA5843-505B-4C68-A5BB-994FEE08C553}.Debug|Any CPU.Build.0 = Debug|Any CPU
		{AEFA5843-505B-4C68-A5BB-994FEE08C553}.Release|Any CPU.ActiveCfg = Release|Any CPU
		{AEFA5843-505B-4C68-A5BB-994FEE08C553}.Release|Any CPU.Build.0 = Release|Any CPU
		{26E28AA1-6868-4316-B26C-2AA8571FA735}.Debug|Any CPU.ActiveCfg = Debug|Any CPU
		{26E28AA1-6868-4316-B26C-2AA8571FA735}.Debug|Any CPU.Build.0 = Debug|Any CPU
		{26E28AA1-6868-4316-B26C-2AA8571FA735}.Release|Any CPU.ActiveCfg = Release|Any CPU
		{26E28AA1-6868-4316-B26C-2AA8571FA735}.Release|Any CPU.Build.0 = Release|Any CPU
	EndGlobalSection
	GlobalSection(SolutionProperties) = preSolution
		HideSolutionNode = FALSE
	EndGlobalSection
	GlobalSection(ExtensibilityGlobals) = postSolution
		SolutionGuid = {5CAF71B8-BADB-4B9F-AC4A-316C26E758E6}
	EndGlobalSection
EndGlobal
